
Microsoft Visual Studio Solution File, Format Version 12.00
# Visual Studio Version 16
VisualStudioVersion = 16.0.29311.281
MinimumVisualStudioVersion = 10.0.40219.1
Project("{2150E333-8FDC-42A3-9474-1A3956D46DE8}") = "01_ToolOverview", "01_ToolOverview", "{5C8EDDE1-CB6F-4BF4-8781-78788788120E}"
EndProject
Project("{2150E333-8FDC-42A3-9474-1A3956D46DE8}") = "ApplicationInsights", "ApplicationInsights", "{F8FB77D2-AEB8-44B9-AF7B-903B3C2E6219}"
EndProject
Project("{2150E333-8FDC-42A3-9474-1A3956D46DE8}") = "02_DiagnosticSourceAndActivty", "02_DiagnosticSourceAndActivty", "{12B6F375-D49F-48AA-9F90-27934D96FDA5}"
EndProject
Project("{9A19103F-16F7-4668-BE54-9A1E7A4F7556}") = "01_DiagnosticSourceBasicSample", "02_DiagnosticSource\DiagnosticSourceBasicSample\01_DiagnosticSourceBasicSample.csproj", "{D8DEBDBA-DDAB-4FC1-9654-09478119343F}"
EndProject
Project("{9A19103F-16F7-4668-BE54-9A1E7A4F7556}") = "03_Activity", "02_DiagnosticSource\Activity\03_Activity.csproj", "{F6520296-28C2-42B1-B33D-6797F4305DD7}"
EndProject
Project("{9A19103F-16F7-4668-BE54-9A1E7A4F7556}") = "02_DiagnosticSourceWithHttpClient", "02_DiagnosticSource\DiagnosticSourceWithHttpClient\02_DiagnosticSourceWithHttpClient.csproj", "{24AD0930-0FC6-41BE-BF97-B5FFCBE472E0}"
EndProject
Project("{9A19103F-16F7-4668-BE54-9A1E7A4F7556}") = "AspNetCoreApp", "02_DiagnosticSource\AspNetCoreApp\AspNetCoreApp.csproj", "{17C58CE4-5887-4E7B-B75C-8AF477F3E783}"
EndProject
Project("{2150E333-8FDC-42A3-9474-1A3956D46DE8}") = "03_ActivityAndElasticApmAndAI", "03_ActivityAndElasticApmAndAI", "{F6042643-7811-44EA-8614-C38B0E5EABE7}"
EndProject
Project("{9A19103F-16F7-4668-BE54-9A1E7A4F7556}") = "Currency.DbService", "01_ToolOverview\ApplicationInsights\Currency.DbService\Currency.DbService.csproj", "{9BA69A8E-56E0-45F2-9879-8AAAF322D24A}"
EndProject
Project("{9A19103F-16F7-4668-BE54-9A1E7A4F7556}") = "Currency.Frontend", "01_ToolOverview\ApplicationInsights\Currency.Frontend\Currency.Frontend.csproj", "{A9DBA965-66E6-4575-8956-5650EFAA7929}"
EndProject
Project("{2150E333-8FDC-42A3-9474-1A3956D46DE8}") = "ElasticApm", "ElasticApm", "{1BC4F850-5A5C-4056-82B5-6FE17388C144}"
EndProject
Project("{9A19103F-16F7-4668-BE54-9A1E7A4F7556}") = "Currency.DbService", "01_ToolOverview\ElasticApm\Currency.DbService\Currency.DbService.csproj", "{4FDD927A-20EE-4EDF-B777-125F5FA8C066}"
EndProject
Project("{9A19103F-16F7-4668-BE54-9A1E7A4F7556}") = "Currency.Frontend", "01_ToolOverview\ElasticApm\Currency.Frontend\Currency.Frontend.csproj", "{A5FE4DC9-5A8F-42D8-9D89-E0E759777298}"
EndProject
Project("{9A19103F-16F7-4668-BE54-9A1E7A4F7556}") = "Currency.Frontend", "03_ActivityAndElasticApmAndAI\ApplicationInsights\Currency.Frontend\Currency.Frontend.csproj", "{DCB852A4-28A9-41C1-8F49-080C2F1EE5F6}"
EndProject
Project("{9A19103F-16F7-4668-BE54-9A1E7A4F7556}") = "Currency.DbService", "03_ActivityAndElasticApmAndAI\ApplicationInsights\Currency.DbService\Currency.DbService.csproj", "{4BE140BF-F32C-4D3E-86A9-11CB4AC43271}"
EndProject
Project("{2150E333-8FDC-42A3-9474-1A3956D46DE8}") = "ApplicationInsights", "ApplicationInsights", "{9C7916C9-6CE0-4474-BB58-976E2156EE62}"
EndProject
Project("{2150E333-8FDC-42A3-9474-1A3956D46DE8}") = "ElasticApm", "ElasticApm", "{E93DD0BC-2163-4462-AE8D-E38FD5D9ECD7}"
EndProject
Project("{FAE04EC0-301F-11D3-BF4B-00C04F79EFBC}") = "Currency.Frontend", "03_ActivityAndElasticApmAndAI\ElasticApm\Currency.Frontend\Currency.Frontend.csproj", "{A2BDA092-3425-49A3-BF6D-0AD41DA28AB8}"
EndProject
Project("{FAE04EC0-301F-11D3-BF4B-00C04F79EFBC}") = "Currency.DbService", "03_ActivityAndElasticApmAndAI\ElasticApm\Currency.DbService\Currency.DbService.csproj", "{C9CF3988-257F-421D-B09F-1D2FBA320B13}"
EndProject
Global
	GlobalSection(SolutionConfigurationPlatforms) = preSolution
		Debug|Any CPU = Debug|Any CPU
		Release|Any CPU = Release|Any CPU
	EndGlobalSection
	GlobalSection(ProjectConfigurationPlatforms) = postSolution
		{D8DEBDBA-DDAB-4FC1-9654-09478119343F}.Debug|Any CPU.ActiveCfg = Debug|Any CPU
		{D8DEBDBA-DDAB-4FC1-9654-09478119343F}.Debug|Any CPU.Build.0 = Debug|Any CPU
		{D8DEBDBA-DDAB-4FC1-9654-09478119343F}.Release|Any CPU.ActiveCfg = Release|Any CPU
		{D8DEBDBA-DDAB-4FC1-9654-09478119343F}.Release|Any CPU.Build.0 = Release|Any CPU
		{F6520296-28C2-42B1-B33D-6797F4305DD7}.Debug|Any CPU.ActiveCfg = Debug|Any CPU
		{F6520296-28C2-42B1-B33D-6797F4305DD7}.Debug|Any CPU.Build.0 = Debug|Any CPU
		{F6520296-28C2-42B1-B33D-6797F4305DD7}.Release|Any CPU.ActiveCfg = Release|Any CPU
		{F6520296-28C2-42B1-B33D-6797F4305DD7}.Release|Any CPU.Build.0 = Release|Any CPU
		{24AD0930-0FC6-41BE-BF97-B5FFCBE472E0}.Debug|Any CPU.ActiveCfg = Debug|Any CPU
		{24AD0930-0FC6-41BE-BF97-B5FFCBE472E0}.Debug|Any CPU.Build.0 = Debug|Any CPU
		{24AD0930-0FC6-41BE-BF97-B5FFCBE472E0}.Release|Any CPU.ActiveCfg = Release|Any CPU
		{24AD0930-0FC6-41BE-BF97-B5FFCBE472E0}.Release|Any CPU.Build.0 = Release|Any CPU
		{17C58CE4-5887-4E7B-B75C-8AF477F3E783}.Debug|Any CPU.ActiveCfg = Debug|Any CPU
		{17C58CE4-5887-4E7B-B75C-8AF477F3E783}.Debug|Any CPU.Build.0 = Debug|Any CPU
		{17C58CE4-5887-4E7B-B75C-8AF477F3E783}.Release|Any CPU.ActiveCfg = Release|Any CPU
		{17C58CE4-5887-4E7B-B75C-8AF477F3E783}.Release|Any CPU.Build.0 = Release|Any CPU
		{9BA69A8E-56E0-45F2-9879-8AAAF322D24A}.Debug|Any CPU.ActiveCfg = Debug|Any CPU
		{9BA69A8E-56E0-45F2-9879-8AAAF322D24A}.Debug|Any CPU.Build.0 = Debug|Any CPU
		{9BA69A8E-56E0-45F2-9879-8AAAF322D24A}.Release|Any CPU.ActiveCfg = Release|Any CPU
		{9BA69A8E-56E0-45F2-9879-8AAAF322D24A}.Release|Any CPU.Build.0 = Release|Any CPU
		{A9DBA965-66E6-4575-8956-5650EFAA7929}.Debug|Any CPU.ActiveCfg = Debug|Any CPU
		{A9DBA965-66E6-4575-8956-5650EFAA7929}.Debug|Any CPU.Build.0 = Debug|Any CPU
		{A9DBA965-66E6-4575-8956-5650EFAA7929}.Release|Any CPU.ActiveCfg = Release|Any CPU
		{A9DBA965-66E6-4575-8956-5650EFAA7929}.Release|Any CPU.Build.0 = Release|Any CPU
		{4FDD927A-20EE-4EDF-B777-125F5FA8C066}.Debug|Any CPU.ActiveCfg = Debug|Any CPU
		{4FDD927A-20EE-4EDF-B777-125F5FA8C066}.Debug|Any CPU.Build.0 = Debug|Any CPU
		{4FDD927A-20EE-4EDF-B777-125F5FA8C066}.Release|Any CPU.ActiveCfg = Release|Any CPU
		{4FDD927A-20EE-4EDF-B777-125F5FA8C066}.Release|Any CPU.Build.0 = Release|Any CPU
		{A5FE4DC9-5A8F-42D8-9D89-E0E759777298}.Debug|Any CPU.ActiveCfg = Debug|Any CPU
		{A5FE4DC9-5A8F-42D8-9D89-E0E759777298}.Debug|Any CPU.Build.0 = Debug|Any CPU
		{A5FE4DC9-5A8F-42D8-9D89-E0E759777298}.Release|Any CPU.ActiveCfg = Release|Any CPU
		{A5FE4DC9-5A8F-42D8-9D89-E0E759777298}.Release|Any CPU.Build.0 = Release|Any CPU
		{DCB852A4-28A9-41C1-8F49-080C2F1EE5F6}.Debug|Any CPU.ActiveCfg = Debug|Any CPU
		{DCB852A4-28A9-41C1-8F49-080C2F1EE5F6}.Debug|Any CPU.Build.0 = Debug|Any CPU
		{DCB852A4-28A9-41C1-8F49-080C2F1EE5F6}.Release|Any CPU.ActiveCfg = Release|Any CPU
		{DCB852A4-28A9-41C1-8F49-080C2F1EE5F6}.Release|Any CPU.Build.0 = Release|Any CPU
		{4BE140BF-F32C-4D3E-86A9-11CB4AC43271}.Debug|Any CPU.ActiveCfg = Debug|Any CPU
		{4BE140BF-F32C-4D3E-86A9-11CB4AC43271}.Debug|Any CPU.Build.0 = Debug|Any CPU
		{4BE140BF-F32C-4D3E-86A9-11CB4AC43271}.Release|Any CPU.ActiveCfg = Release|Any CPU
		{4BE140BF-F32C-4D3E-86A9-11CB4AC43271}.Release|Any CPU.Build.0 = Release|Any CPU
		{A2BDA092-3425-49A3-BF6D-0AD41DA28AB8}.Debug|Any CPU.ActiveCfg = Debug|Any CPU
		{A2BDA092-3425-49A3-BF6D-0AD41DA28AB8}.Debug|Any CPU.Build.0 = Debug|Any CPU
		{A2BDA092-3425-49A3-BF6D-0AD41DA28AB8}.Release|Any CPU.ActiveCfg = Release|Any CPU
		{A2BDA092-3425-49A3-BF6D-0AD41DA28AB8}.Release|Any CPU.Build.0 = Release|Any CPU
		{C9CF3988-257F-421D-B09F-1D2FBA320B13}.Debug|Any CPU.ActiveCfg = Debug|Any CPU
		{C9CF3988-257F-421D-B09F-1D2FBA320B13}.Debug|Any CPU.Build.0 = Debug|Any CPU
		{C9CF3988-257F-421D-B09F-1D2FBA320B13}.Release|Any CPU.ActiveCfg = Release|Any CPU
		{C9CF3988-257F-421D-B09F-1D2FBA320B13}.Release|Any CPU.Build.0 = Release|Any CPU
	EndGlobalSection
	GlobalSection(SolutionProperties) = preSolution
		HideSolutionNode = FALSE
	EndGlobalSection
	GlobalSection(NestedProjects) = preSolution
		{F8FB77D2-AEB8-44B9-AF7B-903B3C2E6219} = {5C8EDDE1-CB6F-4BF4-8781-78788788120E}
		{D8DEBDBA-DDAB-4FC1-9654-09478119343F} = {12B6F375-D49F-48AA-9F90-27934D96FDA5}
		{F6520296-28C2-42B1-B33D-6797F4305DD7} = {12B6F375-D49F-48AA-9F90-27934D96FDA5}
		{24AD0930-0FC6-41BE-BF97-B5FFCBE472E0} = {12B6F375-D49F-48AA-9F90-27934D96FDA5}
		{17C58CE4-5887-4E7B-B75C-8AF477F3E783} = {12B6F375-D49F-48AA-9F90-27934D96FDA5}
		{9BA69A8E-56E0-45F2-9879-8AAAF322D24A} = {F8FB77D2-AEB8-44B9-AF7B-903B3C2E6219}
		{A9DBA965-66E6-4575-8956-5650EFAA7929} = {F8FB77D2-AEB8-44B9-AF7B-903B3C2E6219}
		{1BC4F850-5A5C-4056-82B5-6FE17388C144} = {5C8EDDE1-CB6F-4BF4-8781-78788788120E}
		{4FDD927A-20EE-4EDF-B777-125F5FA8C066} = {1BC4F850-5A5C-4056-82B5-6FE17388C144}
		{A5FE4DC9-5A8F-42D8-9D89-E0E759777298} = {1BC4F850-5A5C-4056-82B5-6FE17388C144}
		{9C7916C9-6CE0-4474-BB58-976E2156EE62} = {F6042643-7811-44EA-8614-C38B0E5EABE7}
		{4BE140BF-F32C-4D3E-86A9-11CB4AC43271} = {9C7916C9-6CE0-4474-BB58-976E2156EE62}
		{DCB852A4-28A9-41C1-8F49-080C2F1EE5F6} = {9C7916C9-6CE0-4474-BB58-976E2156EE62}
		{E93DD0BC-2163-4462-AE8D-E38FD5D9ECD7} = {F6042643-7811-44EA-8614-C38B0E5EABE7}
		{A2BDA092-3425-49A3-BF6D-0AD41DA28AB8} = {E93DD0BC-2163-4462-AE8D-E38FD5D9ECD7}
		{C9CF3988-257F-421D-B09F-1D2FBA320B13} = {E93DD0BC-2163-4462-AE8D-E38FD5D9ECD7}
	EndGlobalSection
	GlobalSection(ExtensibilityGlobals) = postSolution
		SolutionGuid = {9A61F358-4266-49C0-BF38-98878C81D9E8}
	EndGlobalSection
EndGlobal
